// !$*UTF8*$!
{
	archiveVersion = 1;
	classes = {
	};
	objectVersion = 50;
	objects = {

/* Begin PBXBuildFile section */
		583C164424365FE60005A8EF /* CustomCharacterCell.swift in Sources */ = {isa = PBXBuildFile; fileRef = 583C164324365FE60005A8EF /* CustomCharacterCell.swift */; };
		58DD474F243602CF00D2830B /* AppDelegate.swift in Sources */ = {isa = PBXBuildFile; fileRef = 58DD474E243602CF00D2830B /* AppDelegate.swift */; };
		58DD4751243602CF00D2830B /* SceneDelegate.swift in Sources */ = {isa = PBXBuildFile; fileRef = 58DD4750243602CF00D2830B /* SceneDelegate.swift */; };
		58DD4756243602CF00D2830B /* Main.storyboard in Resources */ = {isa = PBXBuildFile; fileRef = 58DD4754243602CF00D2830B /* Main.storyboard */; };
		58DD4758243602D700D2830B /* Assets.xcassets in Resources */ = {isa = PBXBuildFile; fileRef = 58DD4757243602D700D2830B /* Assets.xcassets */; };
		58DD475B243602D700D2830B /* LaunchScreen.storyboard in Resources */ = {isa = PBXBuildFile; fileRef = 58DD4759243602D700D2830B /* LaunchScreen.storyboard */; };
		58DD47692436082400D2830B /* Character.swift in Sources */ = {isa = PBXBuildFile; fileRef = 58DD47682436082400D2830B /* Character.swift */; };
		58DD476B24360C2E00D2830B /* NetworkManager.swift in Sources */ = {isa = PBXBuildFile; fileRef = 58DD476A24360C2E00D2830B /* NetworkManager.swift */; };
		58DD476D243649F400D2830B /* DetailsViewController.swift in Sources */ = {isa = PBXBuildFile; fileRef = 58DD476C243649F400D2830B /* DetailsViewController.swift */; };
		58DD476F24364A1000D2830B /* CharactersListTableViewController.swift in Sources */ = {isa = PBXBuildFile; fileRef = 58DD476E24364A1000D2830B /* CharactersListTableViewController.swift */; };
/* End PBXBuildFile section */

/* Begin PBXFileReference section */
		583C164324365FE60005A8EF /* CustomCharacterCell.swift */ = {isa = PBXFileReference; lastKnownFileType = sourcecode.swift; path = CustomCharacterCell.swift; sourceTree = "<group>"; };
		58DD474B243602CF00D2830B /* RickAndMorty.app */ = {isa = PBXFileReference; explicitFileType = wrapper.application; includeInIndex = 0; path = RickAndMorty.app; sourceTree = BUILT_PRODUCTS_DIR; };
		58DD474E243602CF00D2830B /* AppDelegate.swift */ = {isa = PBXFileReference; lastKnownFileType = sourcecode.swift; path = AppDelegate.swift; sourceTree = "<group>"; };
		58DD4750243602CF00D2830B /* SceneDelegate.swift */ = {isa = PBXFileReference; lastKnownFileType = sourcecode.swift; path = SceneDelegate.swift; sourceTree = "<group>"; };
		58DD4755243602CF00D2830B /* Base */ = {isa = PBXFileReference; lastKnownFileType = file.storyboard; name = Base; path = Base.lproj/Main.storyboard; sourceTree = "<group>"; };
		58DD4757243602D700D2830B /* Assets.xcassets */ = {isa = PBXFileReference; lastKnownFileType = folder.assetcatalog; path = Assets.xcassets; sourceTree = "<group>"; };
		58DD475A243602D700D2830B /* Base */ = {isa = PBXFileReference; lastKnownFileType = file.storyboard; name = Base; path = Base.lproj/LaunchScreen.storyboard; sourceTree = "<group>"; };
		58DD475C243602D700D2830B /* Info.plist */ = {isa = PBXFileReference; lastKnownFileType = text.plist.xml; path = Info.plist; sourceTree = "<group>"; };
		58DD47682436082400D2830B /* Character.swift */ = {isa = PBXFileReference; lastKnownFileType = sourcecode.swift; path = Character.swift; sourceTree = "<group>"; };
		58DD476A24360C2E00D2830B /* NetworkManager.swift */ = {isa = PBXFileReference; lastKnownFileType = sourcecode.swift; path = NetworkManager.swift; sourceTree = "<group>"; };
		58DD476C243649F400D2830B /* DetailsViewController.swift */ = {isa = PBXFileReference; lastKnownFileType = sourcecode.swift; path = DetailsViewController.swift; sourceTree = "<group>"; };
		58DD476E24364A1000D2830B /* CharactersListTableViewController.swift */ = {isa = PBXFileReference; lastKnownFileType = sourcecode.swift; path = CharactersListTableViewController.swift; sourceTree = "<group>"; };
/* End PBXFileReference section */

/* Begin PBXFrameworksBuildPhase section */
		58DD4748243602CF00D2830B /* Frameworks */ = {
			isa = PBXFrameworksBuildPhase;
			buildActionMask = 2147483647;
			files = (
			);
			runOnlyForDeploymentPostprocessing = 0;
		};
/* End PBXFrameworksBuildPhase section */

/* Begin PBXGroup section */
		58DD4742243602CE00D2830B = {
			isa = PBXGroup;
			children = (
				58DD474D243602CF00D2830B /* RickAndMorty */,
				58DD474C243602CF00D2830B /* Products */,
			);
			sourceTree = "<group>";
		};
		58DD474C243602CF00D2830B /* Products */ = {
			isa = PBXGroup;
			children = (
				58DD474B243602CF00D2830B /* RickAndMorty.app */,
			);
			name = Products;
			sourceTree = "<group>";
		};
		58DD474D243602CF00D2830B /* RickAndMorty */ = {
			isa = PBXGroup;
			children = (
				58DD47662436080400D2830B /* Models */,
				58DD4762243604CC00D2830B /* Views */,
				58DD4763243604D300D2830B /* ViewControllers */,
				58DD47672436080C00D2830B /* NetworkManager */,
				58DD4765243604E600D2830B /* SupportingFiles */,
				58DD4764243604DF00D2830B /* Source */,
			);
			path = RickAndMorty;
			sourceTree = "<group>";
		};
		58DD4762243604CC00D2830B /* Views */ = {
			isa = PBXGroup;
			children = (
				58DD4754243602CF00D2830B /* Main.storyboard */,
				58DD4759243602D700D2830B /* LaunchScreen.storyboard */,
				583C164324365FE60005A8EF /* CustomCharacterCell.swift */,
			);
			path = Views;
			sourceTree = "<group>";
		};
		58DD4763243604D300D2830B /* ViewControllers */ = {
			isa = PBXGroup;
			children = (
				58DD476C243649F400D2830B /* DetailsViewController.swift */,
				58DD476E24364A1000D2830B /* CharactersListTableViewController.swift */,
			);
			path = ViewControllers;
			sourceTree = "<group>";
		};
		58DD4764243604DF00D2830B /* Source */ = {
			isa = PBXGroup;
			children = (
				58DD4757243602D700D2830B /* Assets.xcassets */,
			);
			path = Source;
			sourceTree = "<group>";
		};
		58DD4765243604E600D2830B /* SupportingFiles */ = {
			isa = PBXGroup;
			children = (
				58DD474E243602CF00D2830B /* AppDelegate.swift */,
				58DD4750243602CF00D2830B /* SceneDelegate.swift */,
				58DD475C243602D700D2830B /* Info.plist */,
			);
			path = SupportingFiles;
			sourceTree = "<group>";
		};
		58DD47662436080400D2830B /* Models */ = {
			isa = PBXGroup;
			children = (
				58DD47682436082400D2830B /* Character.swift */,
			);
			path = Models;
			sourceTree = "<group>";
		};
		58DD47672436080C00D2830B /* NetworkManager */ = {
			isa = PBXGroup;
			children = (
				58DD476A24360C2E00D2830B /* NetworkManager.swift */,
			);
			path = NetworkManager;
			sourceTree = "<group>";
		};
/* End PBXGroup section */

/* Begin PBXNativeTarget section */
		58DD474A243602CF00D2830B /* RickAndMorty */ = {
			isa = PBXNativeTarget;
			buildConfigurationList = 58DD475F243602D700D2830B /* Build configuration list for PBXNativeTarget "RickAndMorty" */;
			buildPhases = (
				58DD4747243602CF00D2830B /* Sources */,
				58DD4748243602CF00D2830B /* Frameworks */,
				58DD4749243602CF00D2830B /* Resources */,
			);
			buildRules = (
			);
			dependencies = (
			);
			name = RickAndMorty;
			productName = RickAndMorty;
			productReference = 58DD474B243602CF00D2830B /* RickAndMorty.app */;
			productType = "com.apple.product-type.application";
		};
/* End PBXNativeTarget section */

/* Begin PBXProject section */
		58DD4743243602CF00D2830B /* Project object */ = {
			isa = PBXProject;
			attributes = {
				LastSwiftUpdateCheck = 1130;
				LastUpgradeCheck = 1130;
				ORGANIZATIONNAME = "Eugene St";
				TargetAttributes = {
					58DD474A243602CF00D2830B = {
						CreatedOnToolsVersion = 11.3.1;
					};
				};
			};
			buildConfigurationList = 58DD4746243602CF00D2830B /* Build configuration list for PBXProject "RickAndMorty" */;
			compatibilityVersion = "Xcode 9.3";
			developmentRegion = en;
			hasScannedForEncodings = 0;
			knownRegions = (
				en,
				Base,
			);
			mainGroup = 58DD4742243602CE00D2830B;
			productRefGroup = 58DD474C243602CF00D2830B /* Products */;
			projectDirPath = "";
			projectRoot = "";
			targets = (
				58DD474A243602CF00D2830B /* RickAndMorty */,
			);
		};
/* End PBXProject section */

/* Begin PBXResourcesBuildPhase section */
		58DD4749243602CF00D2830B /* Resources */ = {
			isa = PBXResourcesBuildPhase;
			buildActionMask = 2147483647;
			files = (
				58DD475B243602D700D2830B /* LaunchScreen.storyboard in Resources */,
				58DD4758243602D700D2830B /* Assets.xcassets in Resources */,
				58DD4756243602CF00D2830B /* Main.storyboard in Resources */,
			);
			runOnlyForDeploymentPostprocessing = 0;
		};
/* End PBXResourcesBuildPhase section */

/* Begin PBXSourcesBuildPhase section */
		58DD4747243602CF00D2830B /* Sources */ = {
			isa = PBXSourcesBuildPhase;
			buildActionMask = 2147483647;
			files = (
				58DD474F243602CF00D2830B /* AppDelegate.swift in Sources */,
				58DD476F24364A1000D2830B /* CharactersListTableViewController.swift in Sources */,
				58DD476B24360C2E00D2830B /* NetworkManager.swift in Sources */,
				58DD4751243602CF00D2830B /* SceneDelegate.swift in Sources */,
				58DD47692436082400D2830B /* Character.swift in Sources */,
				583C164424365FE60005A8EF /* CustomCharacterCell.swift in Sources */,
				58DD476D243649F400D2830B /* DetailsViewController.swift in Sources */,
			);
			runOnlyForDeploymentPostprocessing = 0;
		};
/* End PBXSourcesBuildPhase section */

/* Begin PBXVariantGroup section */
		58DD4754243602CF00D2830B /* Main.storyboard */ = {
			isa = PBXVariantGroup;
			children = (
				58DD4755243602CF00D2830B /* Base */,
			);
			name = Main.storyboard;
			sourceTree = "<group>";
		};
		58DD4759243602D700D2830B /* LaunchScreen.storyboard */ = {
			isa = PBXVariantGroup;
			children = (
				58DD475A243602D700D2830B /* Base */,
			);
			name = LaunchScreen.storyboard;
			sourceTree = "<group>";
		};
/* End PBXVariantGroup section */

/* Begin XCBuildConfiguration section */
		58DD475D243602D700D2830B /* Debug */ = {
			isa = XCBuildConfiguration;
			buildSettings = {
				ALWAYS_SEARCH_USER_PATHS = NO;
				CLANG_ANALYZER_NONNULL = YES;
				CLANG_ANALYZER_NUMBER_OBJECT_CONVERSION = YES_AGGRESSIVE;
				CLANG_CXX_LANGUAGE_STANDARD = "gnu++14";
				CLANG_CXX_LIBRARY = "libc++";
				CLANG_ENABLE_MODULES = YES;
				CLANG_ENABLE_OBJC_ARC = YES;
				CLANG_ENABLE_OBJC_WEAK = YES;
				CLANG_WARN_BLOCK_CAPTURE_AUTORELEASING = YES;
				CLANG_WARN_BOOL_CONVERSION = YES;
				CLANG_WARN_COMMA = YES;
				CLANG_WARN_CONSTANT_CONVERSION = YES;
				CLANG_WARN_DEPRECATED_OBJC_IMPLEMENTATIONS = YES;
				CLANG_WARN_DIRECT_OBJC_ISA_USAGE = YES_ERROR;
				CLANG_WARN_DOCUMENTATION_COMMENTS = YES;
				CLANG_WARN_EMPTY_BODY = YES;
				CLANG_WARN_ENUM_CONVERSION = YES;
				CLANG_WARN_INFINITE_RECURSION = YES;
				CLANG_WARN_INT_CONVERSION = YES;
				CLANG_WARN_NON_LITERAL_NULL_CONVERSION = YES;
				CLANG_WARN_OBJC_IMPLICIT_RETAIN_SELF = YES;
				CLANG_WARN_OBJC_LITERAL_CONVERSION = YES;
				CLANG_WARN_OBJC_ROOT_CLASS = YES_ERROR;
				CLANG_WARN_RANGE_LOOP_ANALYSIS = YES;
				CLANG_WARN_STRICT_PROTOTYPES = YES;
				CLANG_WARN_SUSPICIOUS_MOVE = YES;
				CLANG_WARN_UNGUARDED_AVAILABILITY = YES_AGGRESSIVE;
				CLANG_WARN_UNREACHABLE_CODE = YES;
				CLANG_WARN__DUPLICATE_METHOD_MATCH = YES;
				COPY_PHASE_STRIP = NO;
				DEBUG_INFORMATION_FORMAT = dwarf;
				ENABLE_STRICT_OBJC_MSGSEND = YES;
				ENABLE_TESTABILITY = YES;
				GCC_C_LANGUAGE_STANDARD = gnu11;
				GCC_DYNAMIC_NO_PIC = NO;
				GCC_NO_COMMON_BLOCKS = YES;
				GCC_OPTIMIZATION_LEVEL = 0;
				GCC_PREPROCESSOR_DEFINITIONS = (
					"DEBUG=1",
					"$(inherited)",
				);
				GCC_WARN_64_TO_32_BIT_CONVERSION = YES;
				GCC_WARN_ABOUT_RETURN_TYPE = YES_ERROR;
				GCC_WARN_UNDECLARED_SELECTOR = YES;
				GCC_WARN_UNINITIALIZED_AUTOS = YES_AGGRESSIVE;
				GCC_WARN_UNUSED_FUNCTION = YES;
				GCC_WARN_UNUSED_VARIABLE = YES;
				IPHONEOS_DEPLOYMENT_TARGET = 13.2;
				MTL_ENABLE_DEBUG_INFO = INCLUDE_SOURCE;
				MTL_FAST_MATH = YES;
				ONLY_ACTIVE_ARCH = YES;
				SDKROOT = iphoneos;
				SWIFT_ACTIVE_COMPILATION_CONDITIONS = DEBUG;
				SWIFT_OPTIMIZATION_LEVEL = "-Onone";
			};
			name = Debug;
		};
		58DD475E243602D700D2830B /* Release */ = {
			isa = XCBuildConfiguration;
			buildSettings = {
				ALWAYS_SEARCH_USER_PATHS = NO;
				CLANG_ANALYZER_NONNULL = YES;
				CLANG_ANALYZER_NUMBER_OBJECT_CONVERSION = YES_AGGRESSIVE;
				CLANG_CXX_LANGUAGE_STANDARD = "gnu++14";
				CLANG_CXX_LIBRARY = "libc++";
				CLANG_ENABLE_MODULES = YES;
				CLANG_ENABLE_OBJC_ARC = YES;
				CLANG_ENABLE_OBJC_WEAK = YES;
				CLANG_WARN_BLOCK_CAPTURE_AUTORELEASING = YES;
				CLANG_WARN_BOOL_CONVERSION = YES;
				CLANG_WARN_COMMA = YES;
				CLANG_WARN_CONSTANT_CONVERSION = YES;
				CLANG_WARN_DEPRECATED_OBJC_IMPLEMENTATIONS = YES;
				CLANG_WARN_DIRECT_OBJC_ISA_USAGE = YES_ERROR;
				CLANG_WARN_DOCUMENTATION_COMMENTS = YES;
				CLANG_WARN_EMPTY_BODY = YES;
				CLANG_WARN_ENUM_CONVERSION = YES;
				CLANG_WARN_INFINITE_RECURSION = YES;
				CLANG_WARN_INT_CONVERSION = YES;
				CLANG_WARN_NON_LITERAL_NULL_CONVERSION = YES;
				CLANG_WARN_OBJC_IMPLICIT_RETAIN_SELF = YES;
				CLANG_WARN_OBJC_LITERAL_CONVERSION = YES;
				CLANG_WARN_OBJC_ROOT_CLASS = YES_ERROR;
				CLANG_WARN_RANGE_LOOP_ANALYSIS = YES;
				CLANG_WARN_STRICT_PROTOTYPES = YES;
				CLANG_WARN_SUSPICIOUS_MOVE = YES;
				CLANG_WARN_UNGUARDED_AVAILABILITY = YES_AGGRESSIVE;
				CLANG_WARN_UNREACHABLE_CODE = YES;
				CLANG_WARN__DUPLICATE_METHOD_MATCH = YES;
				COPY_PHASE_STRIP = NO;
				DEBUG_INFORMATION_FORMAT = "dwarf-with-dsym";
				ENABLE_NS_ASSERTIONS = NO;
				ENABLE_STRICT_OBJC_MSGSEND = YES;
				GCC_C_LANGUAGE_STANDARD = gnu11;
				GCC_NO_COMMON_BLOCKS = YES;
				GCC_WARN_64_TO_32_BIT_CONVERSION = YES;
				GCC_WARN_ABOUT_RETURN_TYPE = YES_ERROR;
				GCC_WARN_UNDECLARED_SELECTOR = YES;
				GCC_WARN_UNINITIALIZED_AUTOS = YES_AGGRESSIVE;
				GCC_WARN_UNUSED_FUNCTION = YES;
				GCC_WARN_UNUSED_VARIABLE = YES;
				IPHONEOS_DEPLOYMENT_TARGET = 13.2;
				MTL_ENABLE_DEBUG_INFO = NO;
				MTL_FAST_MATH = YES;
				SDKROOT = iphoneos;
				SWIFT_COMPILATION_MODE = wholemodule;
				SWIFT_OPTIMIZATION_LEVEL = "-O";
				VALIDATE_PRODUCT = YES;
			};
			name = Release;
		};
		58DD4760243602D700D2830B /* Debug */ = {
			isa = XCBuildConfiguration;
			buildSettings = {
				ASSETCATALOG_COMPILER_APPICON_NAME = AppIcon;
				CODE_SIGN_STYLE = Automatic;
				CURRENT_PROJECT_VERSION = 1;
				DEVELOPMENT_TEAM = B7NCZ24UXD;
				INFOPLIST_FILE = RickAndMorty/SupportingFiles/Info.plist;
				IPHONEOS_DEPLOYMENT_TARGET = 13.0;
				LD_RUNPATH_SEARCH_PATHS = (
					"$(inherited)",
					"@executable_path/Frameworks",
				);
				MARKETING_VERSION = 1.0.0;
				PRODUCT_BUNDLE_IDENTIFIER = st.eugene.RickAndMorty;
				PRODUCT_NAME = "$(TARGET_NAME)";
				SWIFT_VERSION = 5.0;
				TARGETED_DEVICE_FAMILY = "1,2";
			};
			name = Debug;
		};
		58DD4761243602D700D2830B /* Release */ = {
			isa = XCBuildConfiguration;
			buildSettings = {
				ASSETCATALOG_COMPILER_APPICON_NAME = AppIcon;
				CODE_SIGN_STYLE = Automatic;
				CURRENT_PROJECT_VERSION = 1;
				DEVELOPMENT_TEAM = B7NCZ24UXD;
				INFOPLIST_FILE = RickAndMorty/SupportingFiles/Info.plist;
				IPHONEOS_DEPLOYMENT_TARGET = 13.0;
				LD_RUNPATH_SEARCH_PATHS = (
					"$(inherited)",
					"@executable_path/Frameworks",
				);
				MARKETING_VERSION = 1.0.0;
				PRODUCT_BUNDLE_IDENTIFIER = st.eugene.RickAndMorty;
				PRODUCT_NAME = "$(TARGET_NAME)";
				SWIFT_VERSION = 5.0;
				TARGETED_DEVICE_FAMILY = "1,2";
			};
			name = Release;
		};
/* End XCBuildConfiguration section */

/* Begin XCConfigurationList section */
		58DD4746243602CF00D2830B /* Build configuration list for PBXProject "RickAndMorty" */ = {
			isa = XCConfigurationList;
			buildConfigurations = (
				58DD475D243602D700D2830B /* Debug */,
				58DD475E243602D700D2830B /* Release */,
			);
			defaultConfigurationIsVisible = 0;
			defaultConfigurationName = Release;
		};
		58DD475F243602D700D2830B /* Build configuration list for PBXNativeTarget "RickAndMorty" */ = {
			isa = XCConfigurationList;
			buildConfigurations = (
				58DD4760243602D700D2830B /* Debug */,
				58DD4761243602D700D2830B /* Release */,
			);
			defaultConfigurationIsVisible = 0;
			defaultConfigurationName = Release;
		};
/* End XCConfigurationList section */
	};
	rootObject = 58DD4743243602CF00D2830B /* Project object */;
}
